
Microsoft Visual Studio Solution File, Format Version 12.00
# Visual Studio Version 16
VisualStudioVersion = 16.0.30330.147
MinimumVisualStudioVersion = 10.0.40219.1
Project("{9A19103F-16F7-4668-BE54-9A1E7A4F7556}") = "Soccer.Common", "Soccer.Common\Soccer.Common.csproj", "{6B10FF5B-7CC0-4C37-BAD5-B3F172D18A8E}"
EndProject
Project("{9A19103F-16F7-4668-BE54-9A1E7A4F7556}") = "Soccer.Web", "Soccer.Web\Soccer.Web.csproj", "{574DE082-DAB3-42F4-A62B-057FCE5E7A82}"
EndProject
Project("{FAE04EC0-301F-11D3-BF4B-00C04F79EFBC}") = "Soccer.Prism", "Soccer.Prism\Soccer.Prism\Soccer.Prism.csproj", "{F16ECE73-67DA-47B9-AC7A-DA65CE7CC8A8}"
EndProject
Project("{FAE04EC0-301F-11D3-BF4B-00C04F79EFBC}") = "Soccer.Prism.Android", "Soccer.Prism\Soccer.Prism.Android\Soccer.Prism.Android.csproj", "{CEA60EAD-37CF-4D6B-BE59-31D94A54BE23}"
EndProject
Project("{FAE04EC0-301F-11D3-BF4B-00C04F79EFBC}") = "Soccer.Prism.iOS", "Soccer.Prism\Soccer.Prism.iOS\Soccer.Prism.iOS.csproj", "{A0CC9EE8-5EE6-494D-8676-9F192F656E52}"
EndProject
Project("{FAE04EC0-301F-11D3-BF4B-00C04F79EFBC}") = "Soccer.Cross.Android", "Soccer.Cross.Android\Soccer.Cross.Android.csproj", "{325A02DF-38A8-4E9A-8CFE-CCB5C40C8667}"
EndProject
Global
	GlobalSection(SolutionConfigurationPlatforms) = preSolution
		Ad-Hoc|Any CPU = Ad-Hoc|Any CPU
		Ad-Hoc|iPhone = Ad-Hoc|iPhone
		Ad-Hoc|iPhoneSimulator = Ad-Hoc|iPhoneSimulator
		AppStore|Any CPU = AppStore|Any CPU
		AppStore|iPhone = AppStore|iPhone
		AppStore|iPhoneSimulator = AppStore|iPhoneSimulator
		Debug|Any CPU = Debug|Any CPU
		Debug|iPhone = Debug|iPhone
		Debug|iPhoneSimulator = Debug|iPhoneSimulator
		Release|Any CPU = Release|Any CPU
		Release|iPhone = Release|iPhone
		Release|iPhoneSimulator = Release|iPhoneSimulator
	EndGlobalSection
	GlobalSection(ProjectConfigurationPlatforms) = postSolution
		{6B10FF5B-7CC0-4C37-BAD5-B3F172D18A8E}.Ad-Hoc|Any CPU.ActiveCfg = Release|Any CPU
		{6B10FF5B-7CC0-4C37-BAD5-B3F172D18A8E}.Ad-Hoc|Any CPU.Build.0 = Release|Any CPU
		{6B10FF5B-7CC0-4C37-BAD5-B3F172D18A8E}.Ad-Hoc|iPhone.ActiveCfg = Release|Any CPU
		{6B10FF5B-7CC0-4C37-BAD5-B3F172D18A8E}.Ad-Hoc|iPhone.Build.0 = Release|Any CPU
		{6B10FF5B-7CC0-4C37-BAD5-B3F172D18A8E}.Ad-Hoc|iPhoneSimulator.ActiveCfg = Release|Any CPU
		{6B10FF5B-7CC0-4C37-BAD5-B3F172D18A8E}.Ad-Hoc|iPhoneSimulator.Build.0 = Release|Any CPU
		{6B10FF5B-7CC0-4C37-BAD5-B3F172D18A8E}.AppStore|Any CPU.ActiveCfg = Release|Any CPU
		{6B10FF5B-7CC0-4C37-BAD5-B3F172D18A8E}.AppStore|Any CPU.Build.0 = Release|Any CPU
		{6B10FF5B-7CC0-4C37-BAD5-B3F172D18A8E}.AppStore|iPhone.ActiveCfg = Release|Any CPU
		{6B10FF5B-7CC0-4C37-BAD5-B3F172D18A8E}.AppStore|iPhone.Build.0 = Release|Any CPU
		{6B10FF5B-7CC0-4C37-BAD5-B3F172D18A8E}.AppStore|iPhoneSimulator.ActiveCfg = Release|Any CPU
		{6B10FF5B-7CC0-4C37-BAD5-B3F172D18A8E}.AppStore|iPhoneSimulator.Build.0 = Release|Any CPU
		{6B10FF5B-7CC0-4C37-BAD5-B3F172D18A8E}.Debug|Any CPU.ActiveCfg = Debug|Any CPU
		{6B10FF5B-7CC0-4C37-BAD5-B3F172D18A8E}.Debug|Any CPU.Build.0 = Debug|Any CPU
		{6B10FF5B-7CC0-4C37-BAD5-B3F172D18A8E}.Debug|iPhone.ActiveCfg = Debug|Any CPU
		{6B10FF5B-7CC0-4C37-BAD5-B3F172D18A8E}.Debug|iPhone.Build.0 = Debug|Any CPU
		{6B10FF5B-7CC0-4C37-BAD5-B3F172D18A8E}.Debug|iPhoneSimulator.ActiveCfg = Debug|Any CPU
		{6B10FF5B-7CC0-4C37-BAD5-B3F172D18A8E}.Debug|iPhoneSimulator.Build.0 = Debug|Any CPU
		{6B10FF5B-7CC0-4C37-BAD5-B3F172D18A8E}.Release|Any CPU.ActiveCfg = Release|Any CPU
		{6B10FF5B-7CC0-4C37-BAD5-B3F172D18A8E}.Release|Any CPU.Build.0 = Release|Any CPU
		{6B10FF5B-7CC0-4C37-BAD5-B3F172D18A8E}.Release|iPhone.ActiveCfg = Release|Any CPU
		{6B10FF5B-7CC0-4C37-BAD5-B3F172D18A8E}.Release|iPhone.Build.0 = Release|Any CPU
		{6B10FF5B-7CC0-4C37-BAD5-B3F172D18A8E}.Release|iPhoneSimulator.ActiveCfg = Release|Any CPU
		{6B10FF5B-7CC0-4C37-BAD5-B3F172D18A8E}.Release|iPhoneSimulator.Build.0 = Release|Any CPU
		{574DE082-DAB3-42F4-A62B-057FCE5E7A82}.Ad-Hoc|Any CPU.ActiveCfg = Release|Any CPU
		{574DE082-DAB3-42F4-A62B-057FCE5E7A82}.Ad-Hoc|Any CPU.Build.0 = Release|Any CPU
		{574DE082-DAB3-42F4-A62B-057FCE5E7A82}.Ad-Hoc|iPhone.ActiveCfg = Release|Any CPU
		{574DE082-DAB3-42F4-A62B-057FCE5E7A82}.Ad-Hoc|iPhone.Build.0 = Release|Any CPU
		{574DE082-DAB3-42F4-A62B-057FCE5E7A82}.Ad-Hoc|iPhoneSimulator.ActiveCfg = Release|Any CPU
		{574DE082-DAB3-42F4-A62B-057FCE5E7A82}.Ad-Hoc|iPhoneSimulator.Build.0 = Release|Any CPU
		{574DE082-DAB3-42F4-A62B-057FCE5E7A82}.AppStore|Any CPU.ActiveCfg = Release|Any CPU
		{574DE082-DAB3-42F4-A62B-057FCE5E7A82}.AppStore|Any CPU.Build.0 = Release|Any CPU
		{574DE082-DAB3-42F4-A62B-057FCE5E7A82}.AppStore|iPhone.ActiveCfg = Release|Any CPU
		{574DE082-DAB3-42F4-A62B-057FCE5E7A82}.AppStore|iPhone.Build.0 = Release|Any CPU
		{574DE082-DAB3-42F4-A62B-057FCE5E7A82}.AppStore|iPhoneSimulator.ActiveCfg = Release|Any CPU
		{574DE082-DAB3-42F4-A62B-057FCE5E7A82}.AppStore|iPhoneSimulator.Build.0 = Release|Any CPU
		{574DE082-DAB3-42F4-A62B-057FCE5E7A82}.Debug|Any CPU.ActiveCfg = Debug|Any CPU
		{574DE082-DAB3-42F4-A62B-057FCE5E7A82}.Debug|Any CPU.Build.0 = Debug|Any CPU
		{574DE082-DAB3-42F4-A62B-057FCE5E7A82}.Debug|iPhone.ActiveCfg = Debug|Any CPU
		{574DE082-DAB3-42F4-A62B-057FCE5E7A82}.Debug|iPhone.Build.0 = Debug|Any CPU
		{574DE082-DAB3-42F4-A62B-057FCE5E7A82}.Debug|iPhoneSimulator.ActiveCfg = Debug|Any CPU
		{574DE082-DAB3-42F4-A62B-057FCE5E7A82}.Debug|iPhoneSimulator.Build.0 = Debug|Any CPU
		{574DE082-DAB3-42F4-A62B-057FCE5E7A82}.Release|Any CPU.ActiveCfg = Release|Any CPU
		{574DE082-DAB3-42F4-A62B-057FCE5E7A82}.Release|Any CPU.Build.0 = Release|Any CPU
		{574DE082-DAB3-42F4-A62B-057FCE5E7A82}.Release|iPhone.ActiveCfg = Release|Any CPU
		{574DE082-DAB3-42F4-A62B-057FCE5E7A82}.Release|iPhone.Build.0 = Release|Any CPU
		{574DE082-DAB3-42F4-A62B-057FCE5E7A82}.Release|iPhoneSimulator.ActiveCfg = Release|Any CPU
		{574DE082-DAB3-42F4-A62B-057FCE5E7A82}.Release|iPhoneSimulator.Build.0 = Release|Any CPU
		{F16ECE73-67DA-47B9-AC7A-DA65CE7CC8A8}.Ad-Hoc|Any CPU.ActiveCfg = Debug|Any CPU
		{F16ECE73-67DA-47B9-AC7A-DA65CE7CC8A8}.Ad-Hoc|Any CPU.Build.0 = Debug|Any CPU
		{F16ECE73-67DA-47B9-AC7A-DA65CE7CC8A8}.Ad-Hoc|iPhone.ActiveCfg = Debug|Any CPU
		{F16ECE73-67DA-47B9-AC7A-DA65CE7CC8A8}.Ad-Hoc|iPhone.Build.0 = Debug|Any CPU
		{F16ECE73-67DA-47B9-AC7A-DA65CE7CC8A8}.Ad-Hoc|iPhoneSimulator.ActiveCfg = Debug|Any CPU
		{F16ECE73-67DA-47B9-AC7A-DA65CE7CC8A8}.Ad-Hoc|iPhoneSimulator.Build.0 = Debug|Any CPU
		{F16ECE73-67DA-47B9-AC7A-DA65CE7CC8A8}.AppStore|Any CPU.ActiveCfg = Debug|Any CPU
		{F16ECE73-67DA-47B9-AC7A-DA65CE7CC8A8}.AppStore|Any CPU.Build.0 = Debug|Any CPU
		{F16ECE73-67DA-47B9-AC7A-DA65CE7CC8A8}.AppStore|iPhone.ActiveCfg = Debug|Any CPU
		{F16ECE73-67DA-47B9-AC7A-DA65CE7CC8A8}.AppStore|iPhone.Build.0 = Debug|Any CPU
		{F16ECE73-67DA-47B9-AC7A-DA65CE7CC8A8}.AppStore|iPhoneSimulator.ActiveCfg = Debug|Any CPU
		{F16ECE73-67DA-47B9-AC7A-DA65CE7CC8A8}.AppStore|iPhoneSimulator.Build.0 = Debug|Any CPU
		{F16ECE73-67DA-47B9-AC7A-DA65CE7CC8A8}.Debug|Any CPU.ActiveCfg = Debug|Any CPU
		{F16ECE73-67DA-47B9-AC7A-DA65CE7CC8A8}.Debug|Any CPU.Build.0 = Debug|Any CPU
		{F16ECE73-67DA-47B9-AC7A-DA65CE7CC8A8}.Debug|iPhone.ActiveCfg = Debug|Any CPU
		{F16ECE73-67DA-47B9-AC7A-DA65CE7CC8A8}.Debug|iPhone.Build.0 = Debug|Any CPU
		{F16ECE73-67DA-47B9-AC7A-DA65CE7CC8A8}.Debug|iPhoneSimulator.ActiveCfg = Debug|Any CPU
		{F16ECE73-67DA-47B9-AC7A-DA65CE7CC8A8}.Debug|iPhoneSimulator.Build.0 = Debug|Any CPU
		{F16ECE73-67DA-47B9-AC7A-DA65CE7CC8A8}.Release|Any CPU.ActiveCfg = Release|Any CPU
		{F16ECE73-67DA-47B9-AC7A-DA65CE7CC8A8}.Release|Any CPU.Build.0 = Release|Any CPU
		{F16ECE73-67DA-47B9-AC7A-DA65CE7CC8A8}.Release|iPhone.ActiveCfg = Release|Any CPU
		{F16ECE73-67DA-47B9-AC7A-DA65CE7CC8A8}.Release|iPhone.Build.0 = Release|Any CPU
		{F16ECE73-67DA-47B9-AC7A-DA65CE7CC8A8}.Release|iPhoneSimulator.ActiveCfg = Release|Any CPU
		{F16ECE73-67DA-47B9-AC7A-DA65CE7CC8A8}.Release|iPhoneSimulator.Build.0 = Release|Any CPU
		{CEA60EAD-37CF-4D6B-BE59-31D94A54BE23}.Ad-Hoc|Any CPU.ActiveCfg = Release|Any CPU
		{CEA60EAD-37CF-4D6B-BE59-31D94A54BE23}.Ad-Hoc|Any CPU.Build.0 = Release|Any CPU
		{CEA60EAD-37CF-4D6B-BE59-31D94A54BE23}.Ad-Hoc|Any CPU.Deploy.0 = Release|Any CPU
		{CEA60EAD-37CF-4D6B-BE59-31D94A54BE23}.Ad-Hoc|iPhone.ActiveCfg = Release|Any CPU
		{CEA60EAD-37CF-4D6B-BE59-31D94A54BE23}.Ad-Hoc|iPhone.Build.0 = Release|Any CPU
		{CEA60EAD-37CF-4D6B-BE59-31D94A54BE23}.Ad-Hoc|iPhone.Deploy.0 = Release|Any CPU
		{CEA60EAD-37CF-4D6B-BE59-31D94A54BE23}.Ad-Hoc|iPhoneSimulator.ActiveCfg = Release|Any CPU
		{CEA60EAD-37CF-4D6B-BE59-31D94A54BE23}.Ad-Hoc|iPhoneSimulator.Build.0 = Release|Any CPU
		{CEA60EAD-37CF-4D6B-BE59-31D94A54BE23}.Ad-Hoc|iPhoneSimulator.Deploy.0 = Release|Any CPU
		{CEA60EAD-37CF-4D6B-BE59-31D94A54BE23}.AppStore|Any CPU.ActiveCfg = Release|Any CPU
		{CEA60EAD-37CF-4D6B-BE59-31D94A54BE23}.AppStore|Any CPU.Build.0 = Release|Any CPU
		{CEA60EAD-37CF-4D6B-BE59-31D94A54BE23}.AppStore|Any CPU.Deploy.0 = Release|Any CPU
		{CEA60EAD-37CF-4D6B-BE59-31D94A54BE23}.AppStore|iPhone.ActiveCfg = Release|Any CPU
		{CEA60EAD-37CF-4D6B-BE59-31D94A54BE23}.AppStore|iPhone.Build.0 = Release|Any CPU
		{CEA60EAD-37CF-4D6B-BE59-31D94A54BE23}.AppStore|iPhone.Deploy.0 = Release|Any CPU
		{CEA60EAD-37CF-4D6B-BE59-31D94A54BE23}.AppStore|iPhoneSimulator.ActiveCfg = Release|Any CPU
		{CEA60EAD-37CF-4D6B-BE59-31D94A54BE23}.AppStore|iPhoneSimulator.Build.0 = Release|Any CPU
		{CEA60EAD-37CF-4D6B-BE59-31D94A54BE23}.AppStore|iPhoneSimulator.Deploy.0 = Release|Any CPU
		{CEA60EAD-37CF-4D6B-BE59-31D94A54BE23}.Debug|Any CPU.ActiveCfg = Debug|Any CPU
		{CEA60EAD-37CF-4D6B-BE59-31D94A54BE23}.Debug|Any CPU.Build.0 = Debug|Any CPU
		{CEA60EAD-37CF-4D6B-BE59-31D94A54BE23}.Debug|Any CPU.Deploy.0 = Debug|Any CPU
		{CEA60EAD-37CF-4D6B-BE59-31D94A54BE23}.Debug|iPhone.ActiveCfg = Debug|Any CPU
		{CEA60EAD-37CF-4D6B-BE59-31D94A54BE23}.Debug|iPhone.Build.0 = Debug|Any CPU
		{CEA60EAD-37CF-4D6B-BE59-31D94A54BE23}.Debug|iPhone.Deploy.0 = Debug|Any CPU
		{CEA60EAD-37CF-4D6B-BE59-31D94A54BE23}.Debug|iPhoneSimulator.ActiveCfg = Debug|Any CPU
		{CEA60EAD-37CF-4D6B-BE59-31D94A54BE23}.Debug|iPhoneSimulator.Build.0 = Debug|Any CPU
		{CEA60EAD-37CF-4D6B-BE59-31D94A54BE23}.Debug|iPhoneSimulator.Deploy.0 = Debug|Any CPU
		{CEA60EAD-37CF-4D6B-BE59-31D94A54BE23}.Release|Any CPU.ActiveCfg = Release|Any CPU
		{CEA60EAD-37CF-4D6B-BE59-31D94A54BE23}.Release|Any CPU.Build.0 = Release|Any CPU
		{CEA60EAD-37CF-4D6B-BE59-31D94A54BE23}.Release|Any CPU.Deploy.0 = Release|Any CPU
		{CEA60EAD-37CF-4D6B-BE59-31D94A54BE23}.Release|iPhone.ActiveCfg = Release|Any CPU
		{CEA60EAD-37CF-4D6B-BE59-31D94A54BE23}.Release|iPhone.Build.0 = Release|Any CPU
		{CEA60EAD-37CF-4D6B-BE59-31D94A54BE23}.Release|iPhone.Deploy.0 = Release|Any CPU
		{CEA60EAD-37CF-4D6B-BE59-31D94A54BE23}.Release|iPhoneSimulator.ActiveCfg = Release|Any CPU
		{CEA60EAD-37CF-4D6B-BE59-31D94A54BE23}.Release|iPhoneSimulator.Build.0 = Release|Any CPU
		{CEA60EAD-37CF-4D6B-BE59-31D94A54BE23}.Release|iPhoneSimulator.Deploy.0 = Release|Any CPU
		{A0CC9EE8-5EE6-494D-8676-9F192F656E52}.Ad-Hoc|Any CPU.ActiveCfg = Ad-Hoc|iPhone
		{A0CC9EE8-5EE6-494D-8676-9F192F656E52}.Ad-Hoc|iPhone.ActiveCfg = Ad-Hoc|iPhone
		{A0CC9EE8-5EE6-494D-8676-9F192F656E52}.Ad-Hoc|iPhone.Build.0 = Ad-Hoc|iPhone
		{A0CC9EE8-5EE6-494D-8676-9F192F656E52}.Ad-Hoc|iPhoneSimulator.ActiveCfg = Ad-Hoc|iPhoneSimulator
		{A0CC9EE8-5EE6-494D-8676-9F192F656E52}.Ad-Hoc|iPhoneSimulator.Build.0 = Ad-Hoc|iPhoneSimulator
		{A0CC9EE8-5EE6-494D-8676-9F192F656E52}.AppStore|Any CPU.ActiveCfg = AppStore|iPhone
		{A0CC9EE8-5EE6-494D-8676-9F192F656E52}.AppStore|iPhone.ActiveCfg = AppStore|iPhone
		{A0CC9EE8-5EE6-494D-8676-9F192F656E52}.AppStore|iPhone.Build.0 = AppStore|iPhone
		{A0CC9EE8-5EE6-494D-8676-9F192F656E52}.AppStore|iPhoneSimulator.ActiveCfg = AppStore|iPhoneSimulator
		{A0CC9EE8-5EE6-494D-8676-9F192F656E52}.AppStore|iPhoneSimulator.Build.0 = AppStore|iPhoneSimulator
		{A0CC9EE8-5EE6-494D-8676-9F192F656E52}.Debug|Any CPU.ActiveCfg = Debug|iPhone
		{A0CC9EE8-5EE6-494D-8676-9F192F656E52}.Debug|iPhone.ActiveCfg = Debug|iPhone
		{A0CC9EE8-5EE6-494D-8676-9F192F656E52}.Debug|iPhone.Build.0 = Debug|iPhone
		{A0CC9EE8-5EE6-494D-8676-9F192F656E52}.Debug|iPhoneSimulator.ActiveCfg = Debug|iPhoneSimulator
		{A0CC9EE8-5EE6-494D-8676-9F192F656E52}.Debug|iPhoneSimulator.Build.0 = Debug|iPhoneSimulator
		{A0CC9EE8-5EE6-494D-8676-9F192F656E52}.Release|Any CPU.ActiveCfg = Release|iPhone
		{A0CC9EE8-5EE6-494D-8676-9F192F656E52}.Release|iPhone.ActiveCfg = Release|iPhone
		{A0CC9EE8-5EE6-494D-8676-9F192F656E52}.Release|iPhone.Build.0 = Release|iPhone
		{A0CC9EE8-5EE6-494D-8676-9F192F656E52}.Release|iPhoneSimulator.ActiveCfg = Release|iPhoneSimulator
		{A0CC9EE8-5EE6-494D-8676-9F192F656E52}.Release|iPhoneSimulator.Build.0 = Release|iPhoneSimulator
		{325A02DF-38A8-4E9A-8CFE-CCB5C40C8667}.Ad-Hoc|Any CPU.ActiveCfg = Release|Any CPU
		{325A02DF-38A8-4E9A-8CFE-CCB5C40C8667}.Ad-Hoc|Any CPU.Build.0 = Release|Any CPU
		{325A02DF-38A8-4E9A-8CFE-CCB5C40C8667}.Ad-Hoc|Any CPU.Deploy.0 = Release|Any CPU
		{325A02DF-38A8-4E9A-8CFE-CCB5C40C8667}.Ad-Hoc|iPhone.ActiveCfg = Release|Any CPU
		{325A02DF-38A8-4E9A-8CFE-CCB5C40C8667}.Ad-Hoc|iPhone.Build.0 = Release|Any CPU
		{325A02DF-38A8-4E9A-8CFE-CCB5C40C8667}.Ad-Hoc|iPhone.Deploy.0 = Release|Any CPU
		{325A02DF-38A8-4E9A-8CFE-CCB5C40C8667}.Ad-Hoc|iPhoneSimulator.ActiveCfg = Release|Any CPU
		{325A02DF-38A8-4E9A-8CFE-CCB5C40C8667}.Ad-Hoc|iPhoneSimulator.Build.0 = Release|Any CPU
		{325A02DF-38A8-4E9A-8CFE-CCB5C40C8667}.Ad-Hoc|iPhoneSimulator.Deploy.0 = Release|Any CPU
		{325A02DF-38A8-4E9A-8CFE-CCB5C40C8667}.AppStore|Any CPU.ActiveCfg = Release|Any CPU
		{325A02DF-38A8-4E9A-8CFE-CCB5C40C8667}.AppStore|Any CPU.Build.0 = Release|Any CPU
		{325A02DF-38A8-4E9A-8CFE-CCB5C40C8667}.AppStore|Any CPU.Deploy.0 = Release|Any CPU
		{325A02DF-38A8-4E9A-8CFE-CCB5C40C8667}.AppStore|iPhone.ActiveCfg = Release|Any CPU
		{325A02DF-38A8-4E9A-8CFE-CCB5C40C8667}.AppStore|iPhone.Build.0 = Release|Any CPU
		{325A02DF-38A8-4E9A-8CFE-CCB5C40C8667}.AppStore|iPhone.Deploy.0 = Release|Any CPU
		{325A02DF-38A8-4E9A-8CFE-CCB5C40C8667}.AppStore|iPhoneSimulator.ActiveCfg = Release|Any CPU
		{325A02DF-38A8-4E9A-8CFE-CCB5C40C8667}.AppStore|iPhoneSimulator.Build.0 = Release|Any CPU
		{325A02DF-38A8-4E9A-8CFE-CCB5C40C8667}.AppStore|iPhoneSimulator.Deploy.0 = Release|Any CPU
		{325A02DF-38A8-4E9A-8CFE-CCB5C40C8667}.Debug|Any CPU.ActiveCfg = Debug|Any CPU
		{325A02DF-38A8-4E9A-8CFE-CCB5C40C8667}.Debug|Any CPU.Build.0 = Debug|Any CPU
		{325A02DF-38A8-4E9A-8CFE-CCB5C40C8667}.Debug|Any CPU.Deploy.0 = Debug|Any CPU
		{325A02DF-38A8-4E9A-8CFE-CCB5C40C8667}.Debug|iPhone.ActiveCfg = Debug|Any CPU
		{325A02DF-38A8-4E9A-8CFE-CCB5C40C8667}.Debug|iPhone.Build.0 = Debug|Any CPU
		{325A02DF-38A8-4E9A-8CFE-CCB5C40C8667}.Debug|iPhone.Deploy.0 = Debug|Any CPU
		{325A02DF-38A8-4E9A-8CFE-CCB5C40C8667}.Debug|iPhoneSimulator.ActiveCfg = Debug|Any CPU
		{325A02DF-38A8-4E9A-8CFE-CCB5C40C8667}.Debug|iPhoneSimulator.Build.0 = Debug|Any CPU
		{325A02DF-38A8-4E9A-8CFE-CCB5C40C8667}.Debug|iPhoneSimulator.Deploy.0 = Debug|Any CPU
		{325A02DF-38A8-4E9A-8CFE-CCB5C40C8667}.Release|Any CPU.ActiveCfg = Release|Any CPU
		{325A02DF-38A8-4E9A-8CFE-CCB5C40C8667}.Release|Any CPU.Build.0 = Release|Any CPU
		{325A02DF-38A8-4E9A-8CFE-CCB5C40C8667}.Release|Any CPU.Deploy.0 = Release|Any CPU
		{325A02DF-38A8-4E9A-8CFE-CCB5C40C8667}.Release|iPhone.ActiveCfg = Release|Any CPU
		{325A02DF-38A8-4E9A-8CFE-CCB5C40C8667}.Release|iPhone.Build.0 = Release|Any CPU
		{325A02DF-38A8-4E9A-8CFE-CCB5C40C8667}.Release|iPhone.Deploy.0 = Release|Any CPU
		{325A02DF-38A8-4E9A-8CFE-CCB5C40C8667}.Release|iPhoneSimulator.ActiveCfg = Release|Any CPU
		{325A02DF-38A8-4E9A-8CFE-CCB5C40C8667}.Release|iPhoneSimulator.Build.0 = Release|Any CPU
		{325A02DF-38A8-4E9A-8CFE-CCB5C40C8667}.Release|iPhoneSimulator.Deploy.0 = Release|Any CPU
	EndGlobalSection
	GlobalSection(SolutionProperties) = preSolution
		HideSolutionNode = FALSE
	EndGlobalSection
	GlobalSection(ExtensibilityGlobals) = postSolution
		SolutionGuid = {429C1182-3870-4C45-8DE8-819D0A891D2B}
	EndGlobalSection
EndGlobal
